
Microsoft Visual Studio Solution File, Format Version 12.00
# Visual Studio Version 17
VisualStudioVersion = 17.2.32630.192
MinimumVisualStudioVersion = 10.0.40219.1
Project("{9A19103F-16F7-4668-BE54-9A1E7A4F7556}") = "IDOLSelfCheckout", "IDOLSelfCheckout\IDOLSelfCheckout.csproj", "{8EB4E61C-D26C-4781-95BE-D72220B6895A}"
EndProject
Project("{FAE04EC0-301F-11D3-BF4B-00C04F79EFBC}") = "Toshiba_SIT", "Toshiba_SIT\Toshiba_SIT.csproj", "{8CA5A2C6-6A0B-4E88-960B-1D8C5264C0CA}"
EndProject
Project("{FAE04EC0-301F-11D3-BF4B-00C04F79EFBC}") = "On_Premises", "On_Premises\On_Premises.csproj", "{3C23915D-7F04-45A9-A52D-054C997325AB}"
EndProject
Project("{FAE04EC0-301F-11D3-BF4B-00C04F79EFBC}") = "GeneralSCO", "LS_Retail\GeneralSCO.csproj", "{87BAB8CE-60B1-4E54-A52C-FFC2DFCA98B8}"
EndProject
Project("{FAE04EC0-301F-11D3-BF4B-00C04F79EFBC}") = "DataModels", "DataModels\DataModels.csproj", "{FEC0AD82-4494-426B-AE99-A73D06C85438}"
EndProject
Global
	GlobalSection(SolutionConfigurationPlatforms) = preSolution
		Debug|Any CPU = Debug|Any CPU
		Debug|x64 = Debug|x64
		Debug|x86 = Debug|x86
		Release|Any CPU = Release|Any CPU
		Release|x64 = Release|x64
		Release|x86 = Release|x86
	EndGlobalSection
	GlobalSection(ProjectConfigurationPlatforms) = postSolution
		{8EB4E61C-D26C-4781-95BE-D72220B6895A}.Debug|Any CPU.ActiveCfg = Debug|Any CPU
		{8EB4E61C-D26C-4781-95BE-D72220B6895A}.Debug|Any CPU.Build.0 = Debug|Any CPU
		{8EB4E61C-D26C-4781-95BE-D72220B6895A}.Debug|x64.ActiveCfg = Debug|Any CPU
		{8EB4E61C-D26C-4781-95BE-D72220B6895A}.Debug|x64.Build.0 = Debug|Any CPU
		{8EB4E61C-D26C-4781-95BE-D72220B6895A}.Debug|x86.ActiveCfg = Debug|x86
		{8EB4E61C-D26C-4781-95BE-D72220B6895A}.Debug|x86.Build.0 = Debug|x86
		{8EB4E61C-D26C-4781-95BE-D72220B6895A}.Release|Any CPU.ActiveCfg = Release|Any CPU
		{8EB4E61C-D26C-4781-95BE-D72220B6895A}.Release|Any CPU.Build.0 = Release|Any CPU
		{8EB4E61C-D26C-4781-95BE-D72220B6895A}.Release|x64.ActiveCfg = Release|Any CPU
		{8EB4E61C-D26C-4781-95BE-D72220B6895A}.Release|x64.Build.0 = Release|Any CPU
		{8EB4E61C-D26C-4781-95BE-D72220B6895A}.Release|x86.ActiveCfg = Release|x86
		{8EB4E61C-D26C-4781-95BE-D72220B6895A}.Release|x86.Build.0 = Release|x86
		{8CA5A2C6-6A0B-4E88-960B-1D8C5264C0CA}.Debug|Any CPU.ActiveCfg = Debug|Any CPU
		{8CA5A2C6-6A0B-4E88-960B-1D8C5264C0CA}.Debug|Any CPU.Build.0 = Debug|Any CPU
		{8CA5A2C6-6A0B-4E88-960B-1D8C5264C0CA}.Debug|x64.ActiveCfg = Debug|Any CPU
		{8CA5A2C6-6A0B-4E88-960B-1D8C5264C0CA}.Debug|x64.Build.0 = Debug|Any CPU
		{8CA5A2C6-6A0B-4E88-960B-1D8C5264C0CA}.Debug|x86.ActiveCfg = Debug|Any CPU
		{8CA5A2C6-6A0B-4E88-960B-1D8C5264C0CA}.Debug|x86.Build.0 = Debug|Any CPU
		{8CA5A2C6-6A0B-4E88-960B-1D8C5264C0CA}.Release|Any CPU.ActiveCfg = Release|Any CPU
		{8CA5A2C6-6A0B-4E88-960B-1D8C5264C0CA}.Release|Any CPU.Build.0 = Release|Any CPU
		{8CA5A2C6-6A0B-4E88-960B-1D8C5264C0CA}.Release|x64.ActiveCfg = Release|Any CPU
		{8CA5A2C6-6A0B-4E88-960B-1D8C5264C0CA}.Release|x64.Build.0 = Release|Any CPU
		{8CA5A2C6-6A0B-4E88-960B-1D8C5264C0CA}.Release|x86.ActiveCfg = Release|Any CPU
		{8CA5A2C6-6A0B-4E88-960B-1D8C5264C0CA}.Release|x86.Build.0 = Release|Any CPU
		{3C23915D-7F04-45A9-A52D-054C997325AB}.Debug|Any CPU.ActiveCfg = Debug|Any CPU
		{3C23915D-7F04-45A9-A52D-054C997325AB}.Debug|Any CPU.Build.0 = Debug|Any CPU
		{3C23915D-7F04-45A9-A52D-054C997325AB}.Debug|x64.ActiveCfg = Debug|Any CPU
		{3C23915D-7F04-45A9-A52D-054C997325AB}.Debug|x64.Build.0 = Debug|Any CPU
		{3C23915D-7F04-45A9-A52D-054C997325AB}.Debug|x86.ActiveCfg = Debug|Any CPU
		{3C23915D-7F04-45A9-A52D-054C997325AB}.Debug|x86.Build.0 = Debug|Any CPU
		{3C23915D-7F04-45A9-A52D-054C997325AB}.Release|Any CPU.ActiveCfg = Release|Any CPU
		{3C23915D-7F04-45A9-A52D-054C997325AB}.Release|Any CPU.Build.0 = Release|Any CPU
		{3C23915D-7F04-45A9-A52D-054C997325AB}.Release|x64.ActiveCfg = Release|Any CPU
		{3C23915D-7F04-45A9-A52D-054C997325AB}.Release|x64.Build.0 = Release|Any CPU
		{3C23915D-7F04-45A9-A52D-054C997325AB}.Release|x86.ActiveCfg = Release|Any CPU
		{3C23915D-7F04-45A9-A52D-054C997325AB}.Release|x86.Build.0 = Release|Any CPU
		{87BAB8CE-60B1-4E54-A52C-FFC2DFCA98B8}.Debug|Any CPU.ActiveCfg = Debug|Any CPU
		{87BAB8CE-60B1-4E54-A52C-FFC2DFCA98B8}.Debug|Any CPU.Build.0 = Debug|Any CPU
		{87BAB8CE-60B1-4E54-A52C-FFC2DFCA98B8}.Debug|x64.ActiveCfg = Debug|Any CPU
		{87BAB8CE-60B1-4E54-A52C-FFC2DFCA98B8}.Debug|x64.Build.0 = Debug|Any CPU
		{87BAB8CE-60B1-4E54-A52C-FFC2DFCA98B8}.Debug|x86.ActiveCfg = Debug|Any CPU
		{87BAB8CE-60B1-4E54-A52C-FFC2DFCA98B8}.Debug|x86.Build.0 = Debug|Any CPU
		{87BAB8CE-60B1-4E54-A52C-FFC2DFCA98B8}.Release|Any CPU.ActiveCfg = Release|Any CPU
		{87BAB8CE-60B1-4E54-A52C-FFC2DFCA98B8}.Release|Any CPU.Build.0 = Release|Any CPU
		{87BAB8CE-60B1-4E54-A52C-FFC2DFCA98B8}.Release|x64.ActiveCfg = Release|Any CPU
		{87BAB8CE-60B1-4E54-A52C-FFC2DFCA98B8}.Release|x64.Build.0 = Release|Any CPU
		{87BAB8CE-60B1-4E54-A52C-FFC2DFCA98B8}.Release|x86.ActiveCfg = Release|Any CPU
		{87BAB8CE-60B1-4E54-A52C-FFC2DFCA98B8}.Release|x86.Build.0 = Release|Any CPU
		{FEC0AD82-4494-426B-AE99-A73D06C85438}.Debug|Any CPU.ActiveCfg = Debug|Any CPU
		{FEC0AD82-4494-426B-AE99-A73D06C85438}.Debug|Any CPU.Build.0 = Debug|Any CPU
		{FEC0AD82-4494-426B-AE99-A73D06C85438}.Debug|x64.ActiveCfg = Debug|Any CPU
		{FEC0AD82-4494-426B-AE99-A73D06C85438}.Debug|x64.Build.0 = Debug|Any CPU
		{FEC0AD82-4494-426B-AE99-A73D06C85438}.Debug|x86.ActiveCfg = Debug|Any CPU
		{FEC0AD82-4494-426B-AE99-A73D06C85438}.Debug|x86.Build.0 = Debug|Any CPU
		{FEC0AD82-4494-426B-AE99-A73D06C85438}.Release|Any CPU.ActiveCfg = Release|Any CPU
		{FEC0AD82-4494-426B-AE99-A73D06C85438}.Release|Any CPU.Build.0 = Release|Any CPU
		{FEC0AD82-4494-426B-AE99-A73D06C85438}.Release|x64.ActiveCfg = Release|Any CPU
		{FEC0AD82-4494-426B-AE99-A73D06C85438}.Release|x64.Build.0 = Release|Any CPU
		{FEC0AD82-4494-426B-AE99-A73D06C85438}.Release|x86.ActiveCfg = Release|Any CPU
		{FEC0AD82-4494-426B-AE99-A73D06C85438}.Release|x86.Build.0 = Release|Any CPU
	EndGlobalSection
	GlobalSection(SolutionProperties) = preSolution
		HideSolutionNode = FALSE
	EndGlobalSection
	GlobalSection(ExtensibilityGlobals) = postSolution
		SolutionGuid = {45091B96-9578-4431-8CD8-656855EACD0B}
	EndGlobalSection
EndGlobal
